
Microsoft Visual Studio Solution File, Format Version 12.00
# Visual Studio 2013
VisualStudioVersion = 12.0.30501.0
MinimumVisualStudioVersion = 10.0.40219.1
Project("{FAE04EC0-301F-11D3-BF4B-00C04F79EFBC}") = "Sample", "Sample\Sample.csproj", "{17E8774E-A85F-49B0-ADF3-12901B55866E}"
EndProject
Project("{FAE04EC0-301F-11D3-BF4B-00C04F79EFBC}") = "Sample.Test", "Sample.Test\Sample.Test.csproj", "{8901999E-D1E9-4522-A0C5-8A963EBFE2F4}"
EndProject
Project("{2150E333-8FDC-42A3-9474-1A3956D46DE8}") = "Solution Items", "Solution Items", "{510E622D-0519-4661-AF45-958AD4F8FB23}"
	ProjectSection(SolutionItems) = preProject
		code-cover.bat = code-cover.bat
	EndProjectSection
EndProject
Project("{2150E333-8FDC-42A3-9474-1A3956D46DE8}") = ".nuget", ".nuget", "{FE8992B6-2400-4ECC-92B9-B535F2286FC8}"
	ProjectSection(SolutionItems) = preProject
		.nuget\NuGet.Config = .nuget\NuGet.Config
		.nuget\NuGet.exe = .nuget\NuGet.exe
		.nuget\NuGet.targets = .nuget\NuGet.targets
	EndProjectSection
EndProject
Global
	GlobalSection(SolutionConfigurationPlatforms) = preSolution
		Debug|Any CPU = Debug|Any CPU
		Release|Any CPU = Release|Any CPU
	EndGlobalSection
	GlobalSection(ProjectConfigurationPlatforms) = postSolution
		{17E8774E-A85F-49B0-ADF3-12901B55866E}.Debug|Any CPU.ActiveCfg = Debug|Any CPU
		{17E8774E-A85F-49B0-ADF3-12901B55866E}.Debug|Any CPU.Build.0 = Debug|Any CPU
		{17E8774E-A85F-49B0-ADF3-12901B55866E}.Release|Any CPU.ActiveCfg = Release|Any CPU
		{17E8774E-A85F-49B0-ADF3-12901B55866E}.Release|Any CPU.Build.0 = Release|Any CPU
		{8901999E-D1E9-4522-A0C5-8A963EBFE2F4}.Debug|Any CPU.ActiveCfg = Debug|Any CPU
		{8901999E-D1E9-4522-A0C5-8A963EBFE2F4}.Debug|Any CPU.Build.0 = Debug|Any CPU
		{8901999E-D1E9-4522-A0C5-8A963EBFE2F4}.Release|Any CPU.ActiveCfg = Release|Any CPU
		{8901999E-D1E9-4522-A0C5-8A963EBFE2F4}.Release|Any CPU.Build.0 = Release|Any CPU
	EndGlobalSection
	GlobalSection(SolutionProperties) = preSolution
		HideSolutionNode = FALSE
	EndGlobalSection
EndGlobal
